
Microsoft Visual Studio Solution File, Format Version 12.00
# Visual Studio Version 17
VisualStudioVersion = 17.6.33815.320
MinimumVisualStudioVersion = 10.0.40219.1
Project("{FAE04EC0-301F-11D3-BF4B-00C04F79EFBC}") = "Assignment", "Assignment\Assignment.csproj", "{5194D700-BC7C-46C5-92E1-354A859C94E6}"
EndProject
Global
	GlobalSection(SolutionConfigurationPlatforms) = preSolution
		Debug|Any CPU = Debug|Any CPU
		Release|Any CPU = Release|Any CPU
	EndGlobalSection
	GlobalSection(ProjectConfigurationPlatforms) = postSolution
		{5194D700-BC7C-46C5-92E1-354A859C94E6}.Debug|Any CPU.ActiveCfg = Debug|Any CPU
		{5194D700-BC7C-46C5-92E1-354A859C94E6}.Debug|Any CPU.Build.0 = Debug|Any CPU
		{5194D700-BC7C-46C5-92E1-354A859C94E6}.Release|Any CPU.ActiveCfg = Release|Any CPU
		{5194D700-BC7C-46C5-92E1-354A859C94E6}.Release|Any CPU.Build.0 = Release|Any CPU
	EndGlobalSection
	GlobalSection(SolutionProperties) = preSolution
		HideSolutionNode = FALSE
	EndGlobalSection
	GlobalSection(ExtensibilityGlobals) = postSolution
		SolutionGuid = {88E639A5-03D3-42B3-8C79-9858FC967B04}
	EndGlobalSection
EndGlobal
